
Microsoft Visual Studio Solution File, Format Version 12.00
# Visual Studio Version 17
VisualStudioVersion = 17.8.34525.116
MinimumVisualStudioVersion = 10.0.40219.1
Project("{FAE04EC0-301F-11D3-BF4B-00C04F79EFBC}") = "H2_Help_Jacob", "H2_Help_Jacob\H2_Help_Jacob.csproj", "{6953D7D9-0563-4314-AA20-97A486DC9727}"
EndProject
Global
	GlobalSection(SolutionConfigurationPlatforms) = preSolution
		Debug|Any CPU = Debug|Any CPU
		Release|Any CPU = Release|Any CPU
	EndGlobalSection
	GlobalSection(ProjectConfigurationPlatforms) = postSolution
		{6953D7D9-0563-4314-AA20-97A486DC9727}.Debug|Any CPU.ActiveCfg = Debug|Any CPU
		{6953D7D9-0563-4314-AA20-97A486DC9727}.Debug|Any CPU.Build.0 = Debug|Any CPU
		{6953D7D9-0563-4314-AA20-97A486DC9727}.Release|Any CPU.ActiveCfg = Release|Any CPU
		{6953D7D9-0563-4314-AA20-97A486DC9727}.Release|Any CPU.Build.0 = Release|Any CPU
	EndGlobalSection
	GlobalSection(SolutionProperties) = preSolution
		HideSolutionNode = FALSE
	EndGlobalSection
	GlobalSection(ExtensibilityGlobals) = postSolution
		SolutionGuid = {2B1C68FB-37C4-452B-843A-9D06E91F50E1}
	EndGlobalSection
EndGlobal
